
Microsoft Visual Studio Solution File, Format Version 12.00
# Visual Studio Version 16
VisualStudioVersion = 16.0.29613.14
MinimumVisualStudioVersion = 10.0.40219.1
Project("{FAE04EC0-301F-11D3-BF4B-00C04F79EFBC}") = "WebApplication1", "WebApplication1\WebApplication1.csproj", "{3B036464-3042-412F-8104-E333C293974A}"
EndProject
Global
	GlobalSection(SolutionConfigurationPlatforms) = preSolution
		Debug|Any CPU = Debug|Any CPU
		Release|Any CPU = Release|Any CPU
	EndGlobalSection
	GlobalSection(ProjectConfigurationPlatforms) = postSolution
		{3B036464-3042-412F-8104-E333C293974A}.Debug|Any CPU.ActiveCfg = Debug|Any CPU
		{3B036464-3042-412F-8104-E333C293974A}.Debug|Any CPU.Build.0 = Debug|Any CPU
		{3B036464-3042-412F-8104-E333C293974A}.Release|Any CPU.ActiveCfg = Release|Any CPU
		{3B036464-3042-412F-8104-E333C293974A}.Release|Any CPU.Build.0 = Release|Any CPU
	EndGlobalSection
	GlobalSection(SolutionProperties) = preSolution
		HideSolutionNode = FALSE
	EndGlobalSection
	GlobalSection(ExtensibilityGlobals) = postSolution
		SolutionGuid = {1EE78306-A4E2-40E4-A651-8B62349C6C2F}
	EndGlobalSection
EndGlobal
